
Microsoft Visual Studio Solution File, Format Version 12.00
# Visual Studio Version 17
VisualStudioVersion = 17.5.33414.496
MinimumVisualStudioVersion = 10.0.40219.1
Project("{FAE04EC0-301F-11D3-BF4B-00C04F79EFBC}") = "RazorPages_Demo_SD_44", "RazorPages_Demo_SD_44\RazorPages_Demo_SD_44.csproj", "{3BA44191-CB04-4158-B765-F9D39CCE5A04}"
EndProject
Global
	GlobalSection(SolutionConfigurationPlatforms) = preSolution
		Debug|Any CPU = Debug|Any CPU
		Release|Any CPU = Release|Any CPU
	EndGlobalSection
	GlobalSection(ProjectConfigurationPlatforms) = postSolution
		{3BA44191-CB04-4158-B765-F9D39CCE5A04}.Debug|Any CPU.ActiveCfg = Debug|Any CPU
		{3BA44191-CB04-4158-B765-F9D39CCE5A04}.Debug|Any CPU.Build.0 = Debug|Any CPU
		{3BA44191-CB04-4158-B765-F9D39CCE5A04}.Release|Any CPU.ActiveCfg = Release|Any CPU
		{3BA44191-CB04-4158-B765-F9D39CCE5A04}.Release|Any CPU.Build.0 = Release|Any CPU
	EndGlobalSection
	GlobalSection(SolutionProperties) = preSolution
		HideSolutionNode = FALSE
	EndGlobalSection
	GlobalSection(ExtensibilityGlobals) = postSolution
		SolutionGuid = {08682B51-45D2-47DD-8E86-1B650C13A8D7}
	EndGlobalSection
EndGlobal
