
Microsoft Visual Studio Solution File, Format Version 12.00
# Visual Studio Version 17
VisualStudioVersion = 17.5.33414.496
MinimumVisualStudioVersion = 10.0.40219.1
Project("{FAE04EC0-301F-11D3-BF4B-00C04F79EFBC}") = "Day6Demo_SD44", "Day6Demo_SD44\Day6Demo_SD44.csproj", "{36B35B20-5CC8-49EA-B57E-47B24CBAC7DA}"
EndProject
Global
	GlobalSection(SolutionConfigurationPlatforms) = preSolution
		Debug|Any CPU = Debug|Any CPU
		Release|Any CPU = Release|Any CPU
	EndGlobalSection
	GlobalSection(ProjectConfigurationPlatforms) = postSolution
		{36B35B20-5CC8-49EA-B57E-47B24CBAC7DA}.Debug|Any CPU.ActiveCfg = Debug|Any CPU
		{36B35B20-5CC8-49EA-B57E-47B24CBAC7DA}.Debug|Any CPU.Build.0 = Debug|Any CPU
		{36B35B20-5CC8-49EA-B57E-47B24CBAC7DA}.Release|Any CPU.ActiveCfg = Release|Any CPU
		{36B35B20-5CC8-49EA-B57E-47B24CBAC7DA}.Release|Any CPU.Build.0 = Release|Any CPU
	EndGlobalSection
	GlobalSection(SolutionProperties) = preSolution
		HideSolutionNode = FALSE
	EndGlobalSection
	GlobalSection(ExtensibilityGlobals) = postSolution
		SolutionGuid = {D12A740C-E6C3-44DE-B56F-AAF95974C904}
	EndGlobalSection
EndGlobal
