
Microsoft Visual Studio Solution File, Format Version 12.00
# Visual Studio Version 17
VisualStudioVersion = 17.8.34330.188
MinimumVisualStudioVersion = 10.0.40219.1
Project("{FAE04EC0-301F-11D3-BF4B-00C04F79EFBC}") = "MVC day5", "MVC day5\MVC day5.csproj", "{834B6B90-C7C5-4848-AF5D-3EBA3C76C57F}"
EndProject
Global
	GlobalSection(SolutionConfigurationPlatforms) = preSolution
		Debug|Any CPU = Debug|Any CPU
		Release|Any CPU = Release|Any CPU
	EndGlobalSection
	GlobalSection(ProjectConfigurationPlatforms) = postSolution
		{834B6B90-C7C5-4848-AF5D-3EBA3C76C57F}.Debug|Any CPU.ActiveCfg = Debug|Any CPU
		{834B6B90-C7C5-4848-AF5D-3EBA3C76C57F}.Debug|Any CPU.Build.0 = Debug|Any CPU
		{834B6B90-C7C5-4848-AF5D-3EBA3C76C57F}.Release|Any CPU.ActiveCfg = Release|Any CPU
		{834B6B90-C7C5-4848-AF5D-3EBA3C76C57F}.Release|Any CPU.Build.0 = Release|Any CPU
	EndGlobalSection
	GlobalSection(SolutionProperties) = preSolution
		HideSolutionNode = FALSE
	EndGlobalSection
	GlobalSection(ExtensibilityGlobals) = postSolution
		SolutionGuid = {851EEAFD-9A5E-4336-BCC2-99B20F0F6AB7}
	EndGlobalSection
EndGlobal
